
Microsoft Visual Studio Solution File, Format Version 12.00
# Visual Studio 15
VisualStudioVersion = 15.0.28010.2003
MinimumVisualStudioVersion = 10.0.40219.1
Project("{8BC9CEB8-8B4A-11D0-8D11-00A0C91BC942}") = "Graalv6", "Graalv6\Graalv6.vcxproj", "{5DC72257-E5FA-4AA5-8E55-2DDCDCD1FA6D}"
EndProject
Global
	GlobalSection(SolutionConfigurationPlatforms) = preSolution
		Debug|x64 = Debug|x64
		Debug|x86 = Debug|x86
		Release|x64 = Release|x64
		Release|x86 = Release|x86
	EndGlobalSection
	GlobalSection(ProjectConfigurationPlatforms) = postSolution
		{5DC72257-E5FA-4AA5-8E55-2DDCDCD1FA6D}.Debug|x64.ActiveCfg = Debug|x64
		{5DC72257-E5FA-4AA5-8E55-2DDCDCD1FA6D}.Debug|x64.Build.0 = Debug|x64
		{5DC72257-E5FA-4AA5-8E55-2DDCDCD1FA6D}.Debug|x86.ActiveCfg = Debug|Win32
		{5DC72257-E5FA-4AA5-8E55-2DDCDCD1FA6D}.Debug|x86.Build.0 = Debug|Win32
		{5DC72257-E5FA-4AA5-8E55-2DDCDCD1FA6D}.Release|x64.ActiveCfg = Release|x64
		{5DC72257-E5FA-4AA5-8E55-2DDCDCD1FA6D}.Release|x64.Build.0 = Release|x64
		{5DC72257-E5FA-4AA5-8E55-2DDCDCD1FA6D}.Release|x86.ActiveCfg = Release|Win32
		{5DC72257-E5FA-4AA5-8E55-2DDCDCD1FA6D}.Release|x86.Build.0 = Release|Win32
	EndGlobalSection
	GlobalSection(SolutionProperties) = preSolution
		HideSolutionNode = FALSE
	EndGlobalSection
	GlobalSection(ExtensibilityGlobals) = postSolution
		SolutionGuid = {92D4BCA8-EDBD-45C2-A43D-91A1C73B0F8F}
	EndGlobalSection
EndGlobal
